
Microsoft Visual Studio Solution File, Format Version 12.00
# Visual Studio 14
VisualStudioVersion = 14.0.25420.1
MinimumVisualStudioVersion = 10.0.40219.1
Project("{FAE04EC0-301F-11D3-BF4B-00C04F79EFBC}") = "NewsApp", "NewsApp\NewsApp.csproj", "{86CA0366-30A2-4810-9E91-11E0A6630169}"
EndProject
Project("{FAE04EC0-301F-11D3-BF4B-00C04F79EFBC}") = "NewsApp.DAL", "NewsApp.DAL\NewsApp.DAL.csproj", "{7F5ACA6F-6840-490D-8C38-0CC65223ACD5}"
EndProject
Project("{FAE04EC0-301F-11D3-BF4B-00C04F79EFBC}") = "NewsApp.BLL", "NewsApp.BLL\NewsApp.BLL.csproj", "{7BDD0291-5A6F-4621-BDAD-B85BECB300DB}"
	ProjectSection(ProjectDependencies) = postProject
		{D9FEBD36-BC9A-4ECE-A67F-168A186DBE48} = {D9FEBD36-BC9A-4ECE-A67F-168A186DBE48}
	EndProjectSection
EndProject
Project("{FAE04EC0-301F-11D3-BF4B-00C04F79EFBC}") = "WCFDataService", "WCFDataService\WCFDataService.csproj", "{D9FEBD36-BC9A-4ECE-A67F-168A186DBE48}"
EndProject
Global
	GlobalSection(SolutionConfigurationPlatforms) = preSolution
		Debug|Any CPU = Debug|Any CPU
		Release|Any CPU = Release|Any CPU
	EndGlobalSection
	GlobalSection(ProjectConfigurationPlatforms) = postSolution
		{86CA0366-30A2-4810-9E91-11E0A6630169}.Debug|Any CPU.ActiveCfg = Debug|Any CPU
		{86CA0366-30A2-4810-9E91-11E0A6630169}.Debug|Any CPU.Build.0 = Debug|Any CPU
		{86CA0366-30A2-4810-9E91-11E0A6630169}.Release|Any CPU.ActiveCfg = Release|Any CPU
		{86CA0366-30A2-4810-9E91-11E0A6630169}.Release|Any CPU.Build.0 = Release|Any CPU
		{7F5ACA6F-6840-490D-8C38-0CC65223ACD5}.Debug|Any CPU.ActiveCfg = Debug|Any CPU
		{7F5ACA6F-6840-490D-8C38-0CC65223ACD5}.Debug|Any CPU.Build.0 = Debug|Any CPU
		{7F5ACA6F-6840-490D-8C38-0CC65223ACD5}.Release|Any CPU.ActiveCfg = Release|Any CPU
		{7F5ACA6F-6840-490D-8C38-0CC65223ACD5}.Release|Any CPU.Build.0 = Release|Any CPU
		{7BDD0291-5A6F-4621-BDAD-B85BECB300DB}.Debug|Any CPU.ActiveCfg = Debug|Any CPU
		{7BDD0291-5A6F-4621-BDAD-B85BECB300DB}.Debug|Any CPU.Build.0 = Debug|Any CPU
		{7BDD0291-5A6F-4621-BDAD-B85BECB300DB}.Release|Any CPU.ActiveCfg = Release|Any CPU
		{7BDD0291-5A6F-4621-BDAD-B85BECB300DB}.Release|Any CPU.Build.0 = Release|Any CPU
		{D9FEBD36-BC9A-4ECE-A67F-168A186DBE48}.Debug|Any CPU.ActiveCfg = Debug|Any CPU
		{D9FEBD36-BC9A-4ECE-A67F-168A186DBE48}.Debug|Any CPU.Build.0 = Debug|Any CPU
		{D9FEBD36-BC9A-4ECE-A67F-168A186DBE48}.Release|Any CPU.ActiveCfg = Release|Any CPU
		{D9FEBD36-BC9A-4ECE-A67F-168A186DBE48}.Release|Any CPU.Build.0 = Release|Any CPU
	EndGlobalSection
	GlobalSection(SolutionProperties) = preSolution
		HideSolutionNode = FALSE
	EndGlobalSection
	GlobalSection(ExtensibilityGlobals) = postSolution
		EnterpriseLibraryConfigurationToolBinariesPathV6 = packages\EnterpriseLibrary.Common.6.0.1304.0\lib\NET45;packages\EnterpriseLibrary.Data.6.0.1304.0\lib\NET45
	EndGlobalSection
EndGlobal
